
Microsoft Visual Studio Solution File, Format Version 12.00
# Visual Studio Version 17
VisualStudioVersion = 17.14.36930.0
MinimumVisualStudioVersion = 10.0.40219.1
Project("{FAE04EC0-301F-11D3-BF4B-00C04F79EFBC}") = "FastFoodAPI", "UserManagementAPI\FastFoodAPI.csproj", "{5E24D6CA-FCD8-470A-A15A-B71106F57ED5}"
EndProject
Global
	GlobalSection(SolutionConfigurationPlatforms) = preSolution
		Debug|Any CPU = Debug|Any CPU
		Release|Any CPU = Release|Any CPU
	EndGlobalSection
	GlobalSection(ProjectConfigurationPlatforms) = postSolution
		{5E24D6CA-FCD8-470A-A15A-B71106F57ED5}.Debug|Any CPU.ActiveCfg = Debug|Any CPU
		{5E24D6CA-FCD8-470A-A15A-B71106F57ED5}.Debug|Any CPU.Build.0 = Debug|Any CPU
		{5E24D6CA-FCD8-470A-A15A-B71106F57ED5}.Release|Any CPU.ActiveCfg = Release|Any CPU
		{5E24D6CA-FCD8-470A-A15A-B71106F57ED5}.Release|Any CPU.Build.0 = Release|Any CPU
	EndGlobalSection
	GlobalSection(SolutionProperties) = preSolution
		HideSolutionNode = FALSE
	EndGlobalSection
	GlobalSection(ExtensibilityGlobals) = postSolution
		SolutionGuid = {F1DAE3C3-7486-4051-B77F-980A80E29801}
	EndGlobalSection
EndGlobal
